
Microsoft Visual Studio Solution File, Format Version 12.00
# Visual Studio 15
VisualStudioVersion = 15.0.28307.329
MinimumVisualStudioVersion = 10.0.40219.1
Project("{FAE04EC0-301F-11D3-BF4B-00C04F79EFBC}") = "GraphQLDemo", "GraphQLDemo\GraphQLDemo.csproj", "{443A8839-737E-4C62-A702-206A3CCE4B91}"
EndProject
Project("{FAE04EC0-301F-11D3-BF4B-00C04F79EFBC}") = "Orders", "Orders\Orders.csproj", "{8AAF8B31-4E18-411A-9289-0727C2CACEBB}"
EndProject
Global
	GlobalSection(SolutionConfigurationPlatforms) = preSolution
		Debug|Any CPU = Debug|Any CPU
		Release|Any CPU = Release|Any CPU
	EndGlobalSection
	GlobalSection(ProjectConfigurationPlatforms) = postSolution
		{443A8839-737E-4C62-A702-206A3CCE4B91}.Debug|Any CPU.ActiveCfg = Debug|Any CPU
		{443A8839-737E-4C62-A702-206A3CCE4B91}.Debug|Any CPU.Build.0 = Debug|Any CPU
		{443A8839-737E-4C62-A702-206A3CCE4B91}.Release|Any CPU.ActiveCfg = Release|Any CPU
		{443A8839-737E-4C62-A702-206A3CCE4B91}.Release|Any CPU.Build.0 = Release|Any CPU
		{8AAF8B31-4E18-411A-9289-0727C2CACEBB}.Debug|Any CPU.ActiveCfg = Debug|Any CPU
		{8AAF8B31-4E18-411A-9289-0727C2CACEBB}.Debug|Any CPU.Build.0 = Debug|Any CPU
		{8AAF8B31-4E18-411A-9289-0727C2CACEBB}.Release|Any CPU.ActiveCfg = Release|Any CPU
		{8AAF8B31-4E18-411A-9289-0727C2CACEBB}.Release|Any CPU.Build.0 = Release|Any CPU
	EndGlobalSection
	GlobalSection(SolutionProperties) = preSolution
		HideSolutionNode = FALSE
	EndGlobalSection
	GlobalSection(ExtensibilityGlobals) = postSolution
		SolutionGuid = {26F7EFAA-94FF-40B0-8E06-B246EAF8300F}
	EndGlobalSection
EndGlobal
